// !$*UTF8*$!
{
	archiveVersion = 1;
	classes = {
	};
	objectVersion = 56;
	objects = {

/* Begin PBXBuildFile section */
		36AF0219297841FF000DE0EA /* main.swift in Sources */ = {isa = PBXBuildFile; fileRef = 36AF0218297841FF000DE0EA /* main.swift */; };
		36AF022029785E9D000DE0EA /* Computer.swift in Sources */ = {isa = PBXBuildFile; fileRef = 36AF021F29785E9D000DE0EA /* Computer.swift */; };
		36AF0222297860BD000DE0EA /* Laptop.swift in Sources */ = {isa = PBXBuildFile; fileRef = 36AF0221297860BD000DE0EA /* Laptop.swift */; };
		36AF022429786108000DE0EA /* SmartPhone.swift in Sources */ = {isa = PBXBuildFile; fileRef = 36AF022329786108000DE0EA /* SmartPhone.swift */; };
		36AF022629786F47000DE0EA /* RepairService.swift in Sources */ = {isa = PBXBuildFile; fileRef = 36AF022529786F47000DE0EA /* RepairService.swift */; };
/* End PBXBuildFile section */

/* Begin PBXCopyFilesBuildPhase section */
		36AF0213297841FF000DE0EA /* CopyFiles */ = {
			isa = PBXCopyFilesBuildPhase;
			buildActionMask = 2147483647;
			dstPath = /usr/share/man/man1/;
			dstSubfolderSpec = 0;
			files = (
			);
			runOnlyForDeploymentPostprocessing = 1;
		};
/* End PBXCopyFilesBuildPhase section */

/* Begin PBXFileReference section */
		36AF0215297841FF000DE0EA /* Month-2(Дз-3) */ = {isa = PBXFileReference; explicitFileType = "compiled.mach-o.executable"; includeInIndex = 0; path = "Month-2(Дз-3)"; sourceTree = BUILT_PRODUCTS_DIR; };
		36AF0218297841FF000DE0EA /* main.swift */ = {isa = PBXFileReference; lastKnownFileType = sourcecode.swift; path = main.swift; sourceTree = "<group>"; };
		36AF021F29785E9D000DE0EA /* Computer.swift */ = {isa = PBXFileReference; lastKnownFileType = sourcecode.swift; path = Computer.swift; sourceTree = "<group>"; };
		36AF0221297860BD000DE0EA /* Laptop.swift */ = {isa = PBXFileReference; lastKnownFileType = sourcecode.swift; path = Laptop.swift; sourceTree = "<group>"; };
		36AF022329786108000DE0EA /* SmartPhone.swift */ = {isa = PBXFileReference; lastKnownFileType = sourcecode.swift; path = SmartPhone.swift; sourceTree = "<group>"; };
		36AF022529786F47000DE0EA /* RepairService.swift */ = {isa = PBXFileReference; lastKnownFileType = sourcecode.swift; path = RepairService.swift; sourceTree = "<group>"; };
/* End PBXFileReference section */

/* Begin PBXFrameworksBuildPhase section */
		36AF0212297841FF000DE0EA /* Frameworks */ = {
			isa = PBXFrameworksBuildPhase;
			buildActionMask = 2147483647;
			files = (
			);
			runOnlyForDeploymentPostprocessing = 0;
		};
/* End PBXFrameworksBuildPhase section */

/* Begin PBXGroup section */
		36AF020C297841FF000DE0EA = {
			isa = PBXGroup;
			children = (
				36AF0217297841FF000DE0EA /* Month-2(Дз-3) */,
				36AF0216297841FF000DE0EA /* Products */,
			);
			sourceTree = "<group>";
		};
		36AF0216297841FF000DE0EA /* Products */ = {
			isa = PBXGroup;
			children = (
				36AF0215297841FF000DE0EA /* Month-2(Дз-3) */,
			);
			name = Products;
			sourceTree = "<group>";
		};
		36AF0217297841FF000DE0EA /* Month-2(Дз-3) */ = {
			isa = PBXGroup;
			children = (
				36AF0218297841FF000DE0EA /* main.swift */,
				36AF021F29785E9D000DE0EA /* Computer.swift */,
				36AF0221297860BD000DE0EA /* Laptop.swift */,
				36AF022329786108000DE0EA /* SmartPhone.swift */,
				36AF022529786F47000DE0EA /* RepairService.swift */,
			);
			path = "Month-2(Дз-3)";
			sourceTree = "<group>";
		};
/* End PBXGroup section */

/* Begin PBXNativeTarget section */
		36AF0214297841FF000DE0EA /* Month-2(Дз-3) */ = {
			isa = PBXNativeTarget;
			buildConfigurationList = 36AF021C297841FF000DE0EA /* Build configuration list for PBXNativeTarget "Month-2(Дз-3)" */;
			buildPhases = (
				36AF0211297841FF000DE0EA /* Sources */,
				36AF0212297841FF000DE0EA /* Frameworks */,
				36AF0213297841FF000DE0EA /* CopyFiles */,
			);
			buildRules = (
			);
			dependencies = (
			);
			name = "Month-2(Дз-3)";
			productName = "Month-2(Дз-3)";
			productReference = 36AF0215297841FF000DE0EA /* Month-2(Дз-3) */;
			productType = "com.apple.product-type.tool";
		};
/* End PBXNativeTarget section */

/* Begin PBXProject section */
		36AF020D297841FF000DE0EA /* Project object */ = {
			isa = PBXProject;
			attributes = {
				BuildIndependentTargetsInParallel = 1;
				LastSwiftUpdateCheck = 1400;
				LastUpgradeCheck = 1400;
				TargetAttributes = {
					36AF0214297841FF000DE0EA = {
						CreatedOnToolsVersion = 14.0.1;
					};
				};
			};
			buildConfigurationList = 36AF0210297841FF000DE0EA /* Build configuration list for PBXProject "Month-2(Дз-3)" */;
			compatibilityVersion = "Xcode 14.0";
			developmentRegion = en;
			hasScannedForEncodings = 0;
			knownRegions = (
				en,
				Base,
			);
			mainGroup = 36AF020C297841FF000DE0EA;
			productRefGroup = 36AF0216297841FF000DE0EA /* Products */;
			projectDirPath = "";
			projectRoot = "";
			targets = (
				36AF0214297841FF000DE0EA /* Month-2(Дз-3) */,
			);
		};
/* End PBXProject section */

/* Begin PBXSourcesBuildPhase section */
		36AF0211297841FF000DE0EA /* Sources */ = {
			isa = PBXSourcesBuildPhase;
			buildActionMask = 2147483647;
			files = (
				36AF022429786108000DE0EA /* SmartPhone.swift in Sources */,
				36AF022629786F47000DE0EA /* RepairService.swift in Sources */,
				36AF022029785E9D000DE0EA /* Computer.swift in Sources */,
				36AF0219297841FF000DE0EA /* main.swift in Sources */,
				36AF0222297860BD000DE0EA /* Laptop.swift in Sources */,
			);
			runOnlyForDeploymentPostprocessing = 0;
		};
/* End PBXSourcesBuildPhase section */

/* Begin XCBuildConfiguration section */
		36AF021A297841FF000DE0EA /* Debug */ = {
			isa = XCBuildConfiguration;
			buildSettings = {
				ALWAYS_SEARCH_USER_PATHS = NO;
				CLANG_ANALYZER_NONNULL = YES;
				CLANG_ANALYZER_NUMBER_OBJECT_CONVERSION = YES_AGGRESSIVE;
				CLANG_CXX_LANGUAGE_STANDARD = "gnu++20";
				CLANG_ENABLE_MODULES = YES;
				CLANG_ENABLE_OBJC_ARC = YES;
				CLANG_ENABLE_OBJC_WEAK = YES;
				CLANG_WARN_BLOCK_CAPTURE_AUTORELEASING = YES;
				CLANG_WARN_BOOL_CONVERSION = YES;
				CLANG_WARN_COMMA = YES;
				CLANG_WARN_CONSTANT_CONVERSION = YES;
				CLANG_WARN_DEPRECATED_OBJC_IMPLEMENTATIONS = YES;
				CLANG_WARN_DIRECT_OBJC_ISA_USAGE = YES_ERROR;
				CLANG_WARN_DOCUMENTATION_COMMENTS = YES;
				CLANG_WARN_EMPTY_BODY = YES;
				CLANG_WARN_ENUM_CONVERSION = YES;
				CLANG_WARN_INFINITE_RECURSION = YES;
				CLANG_WARN_INT_CONVERSION = YES;
				CLANG_WARN_NON_LITERAL_NULL_CONVERSION = YES;
				CLANG_WARN_OBJC_IMPLICIT_RETAIN_SELF = YES;
				CLANG_WARN_OBJC_LITERAL_CONVERSION = YES;
				CLANG_WARN_OBJC_ROOT_CLASS = YES_ERROR;
				CLANG_WARN_QUOTED_INCLUDE_IN_FRAMEWORK_HEADER = YES;
				CLANG_WARN_RANGE_LOOP_ANALYSIS = YES;
				CLANG_WARN_STRICT_PROTOTYPES = YES;
				CLANG_WARN_SUSPICIOUS_MOVE = YES;
				CLANG_WARN_UNGUARDED_AVAILABILITY = YES_AGGRESSIVE;
				CLANG_WARN_UNREACHABLE_CODE = YES;
				CLANG_WARN__DUPLICATE_METHOD_MATCH = YES;
				COPY_PHASE_STRIP = NO;
				DEBUG_INFORMATION_FORMAT = dwarf;
				ENABLE_STRICT_OBJC_MSGSEND = YES;
				ENABLE_TESTABILITY = YES;
				GCC_C_LANGUAGE_STANDARD = gnu11;
				GCC_DYNAMIC_NO_PIC = NO;
				GCC_NO_COMMON_BLOCKS = YES;
				GCC_OPTIMIZATION_LEVEL = 0;
				GCC_PREPROCESSOR_DEFINITIONS = (
					"DEBUG=1",
					"$(inherited)",
				);
				GCC_WARN_64_TO_32_BIT_CONVERSION = YES;
				GCC_WARN_ABOUT_RETURN_TYPE = YES_ERROR;
				GCC_WARN_UNDECLARED_SELECTOR = YES;
				GCC_WARN_UNINITIALIZED_AUTOS = YES_AGGRESSIVE;
				GCC_WARN_UNUSED_FUNCTION = YES;
				GCC_WARN_UNUSED_VARIABLE = YES;
				MACOSX_DEPLOYMENT_TARGET = 12.3;
				MTL_ENABLE_DEBUG_INFO = INCLUDE_SOURCE;
				MTL_FAST_MATH = YES;
				ONLY_ACTIVE_ARCH = YES;
				SDKROOT = macosx;
				SWIFT_ACTIVE_COMPILATION_CONDITIONS = DEBUG;
				SWIFT_OPTIMIZATION_LEVEL = "-Onone";
			};
			name = Debug;
		};
		36AF021B297841FF000DE0EA /* Release */ = {
			isa = XCBuildConfiguration;
			buildSettings = {
				ALWAYS_SEARCH_USER_PATHS = NO;
				CLANG_ANALYZER_NONNULL = YES;
				CLANG_ANALYZER_NUMBER_OBJECT_CONVERSION = YES_AGGRESSIVE;
				CLANG_CXX_LANGUAGE_STANDARD = "gnu++20";
				CLANG_ENABLE_MODULES = YES;
				CLANG_ENABLE_OBJC_ARC = YES;
				CLANG_ENABLE_OBJC_WEAK = YES;
				CLANG_WARN_BLOCK_CAPTURE_AUTORELEASING = YES;
				CLANG_WARN_BOOL_CONVERSION = YES;
				CLANG_WARN_COMMA = YES;
				CLANG_WARN_CONSTANT_CONVERSION = YES;
				CLANG_WARN_DEPRECATED_OBJC_IMPLEMENTATIONS = YES;
				CLANG_WARN_DIRECT_OBJC_ISA_USAGE = YES_ERROR;
				CLANG_WARN_DOCUMENTATION_COMMENTS = YES;
				CLANG_WARN_EMPTY_BODY = YES;
				CLANG_WARN_ENUM_CONVERSION = YES;
				CLANG_WARN_INFINITE_RECURSION = YES;
				CLANG_WARN_INT_CONVERSION = YES;
				CLANG_WARN_NON_LITERAL_NULL_CONVERSION = YES;
				CLANG_WARN_OBJC_IMPLICIT_RETAIN_SELF = YES;
				CLANG_WARN_OBJC_LITERAL_CONVERSION = YES;
				CLANG_WARN_OBJC_ROOT_CLASS = YES_ERROR;
				CLANG_WARN_QUOTED_INCLUDE_IN_FRAMEWORK_HEADER = YES;
				CLANG_WARN_RANGE_LOOP_ANALYSIS = YES;
				CLANG_WARN_STRICT_PROTOTYPES = YES;
				CLANG_WARN_SUSPICIOUS_MOVE = YES;
				CLANG_WARN_UNGUARDED_AVAILABILITY = YES_AGGRESSIVE;
				CLANG_WARN_UNREACHABLE_CODE = YES;
				CLANG_WARN__DUPLICATE_METHOD_MATCH = YES;
				COPY_PHASE_STRIP = NO;
				DEBUG_INFORMATION_FORMAT = "dwarf-with-dsym";
				ENABLE_NS_ASSERTIONS = NO;
				ENABLE_STRICT_OBJC_MSGSEND = YES;
				GCC_C_LANGUAGE_STANDARD = gnu11;
				GCC_NO_COMMON_BLOCKS = YES;
				GCC_WARN_64_TO_32_BIT_CONVERSION = YES;
				GCC_WARN_ABOUT_RETURN_TYPE = YES_ERROR;
				GCC_WARN_UNDECLARED_SELECTOR = YES;
				GCC_WARN_UNINITIALIZED_AUTOS = YES_AGGRESSIVE;
				GCC_WARN_UNUSED_FUNCTION = YES;
				GCC_WARN_UNUSED_VARIABLE = YES;
				MACOSX_DEPLOYMENT_TARGET = 12.3;
				MTL_ENABLE_DEBUG_INFO = NO;
				MTL_FAST_MATH = YES;
				SDKROOT = macosx;
				SWIFT_COMPILATION_MODE = wholemodule;
				SWIFT_OPTIMIZATION_LEVEL = "-O";
			};
			name = Release;
		};
		36AF021D297841FF000DE0EA /* Debug */ = {
			isa = XCBuildConfiguration;
			buildSettings = {
				CODE_SIGN_STYLE = Automatic;
				PRODUCT_NAME = "$(TARGET_NAME)";
				SWIFT_VERSION = 5.0;
			};
			name = Debug;
		};
		36AF021E297841FF000DE0EA /* Release */ = {
			isa = XCBuildConfiguration;
			buildSettings = {
				CODE_SIGN_STYLE = Automatic;
				PRODUCT_NAME = "$(TARGET_NAME)";
				SWIFT_VERSION = 5.0;
			};
			name = Release;
		};
/* End XCBuildConfiguration section */

/* Begin XCConfigurationList section */
		36AF0210297841FF000DE0EA /* Build configuration list for PBXProject "Month-2(Дз-3)" */ = {
			isa = XCConfigurationList;
			buildConfigurations = (
				36AF021A297841FF000DE0EA /* Debug */,
				36AF021B297841FF000DE0EA /* Release */,
			);
			defaultConfigurationIsVisible = 0;
			defaultConfigurationName = Release;
		};
		36AF021C297841FF000DE0EA /* Build configuration list for PBXNativeTarget "Month-2(Дз-3)" */ = {
			isa = XCConfigurationList;
			buildConfigurations = (
				36AF021D297841FF000DE0EA /* Debug */,
				36AF021E297841FF000DE0EA /* Release */,
			);
			defaultConfigurationIsVisible = 0;
			defaultConfigurationName = Release;
		};
/* End XCConfigurationList section */
	};
	rootObject = 36AF020D297841FF000DE0EA /* Project object */;
}
